# This file is automatically generated by Poetry 1.8.3 and should be committed to git.
[[package]]
name = "fastapi"
version = "0.115.0"
description = "FastAPI framework, high performance, easy to learn, fast to code, ready for production"
optional = false
python-versions = ">=3.8"
files = []

[[package]]
name = "uvicorn"
version = "0.30.6"
description = "The lightning-fast ASGI server."
optional = false
python-versions = ">=3.8"
files = []

[[package]]
name = "sqlalchemy"
version = "2.0.34"
description = "Database Abstraction Library"
optional = false
python-versions = ">=3.7"
files = []

[[package]]
name = "pydantic"
version = "2.9.1"
description = "Data validation using Python type hints"
optional = false
python-versions = ">=3.8"
files = []

[[package]]
name = "alembic"
version = "1.13.2"
description = "A database migration tool for SQLAlchemy."
optional = false
python-versions = ">=3.8"
files = []

[[package]]
name = "python-jose"
version = "3.3.0"
description = "JOSE implementation in Python"
optional = false
python-versions = "*"
files = []

[package.metadata]
lock-version = "2.0"
python-versions = "^3.12"
content-hash = "c1a938a4d46c827c191a27e7f6e85d9d71c89f50e56e0f3161a09d3b12345678"
